
Microsoft Visual Studio Solution File, Format Version 12.00
# Visual Studio Version 16
VisualStudioVersion = 16.0.29001.49
MinimumVisualStudioVersion = 10.0.40219.1
Project("{FAE04EC0-301F-11D3-BF4B-00C04F79EFBC}") = "vidly", "vidly\vidly.csproj", "{5DFB8341-8BD1-4108-99DF-4CE44C05318C}"
EndProject
Global
	GlobalSection(SolutionConfigurationPlatforms) = preSolution
		Debug|Any CPU = Debug|Any CPU
		Release|Any CPU = Release|Any CPU
	EndGlobalSection
	GlobalSection(ProjectConfigurationPlatforms) = postSolution
		{5DFB8341-8BD1-4108-99DF-4CE44C05318C}.Debug|Any CPU.ActiveCfg = Debug|Any CPU
		{5DFB8341-8BD1-4108-99DF-4CE44C05318C}.Debug|Any CPU.Build.0 = Debug|Any CPU
		{5DFB8341-8BD1-4108-99DF-4CE44C05318C}.Release|Any CPU.ActiveCfg = Release|Any CPU
		{5DFB8341-8BD1-4108-99DF-4CE44C05318C}.Release|Any CPU.Build.0 = Release|Any CPU
	EndGlobalSection
	GlobalSection(SolutionProperties) = preSolution
		HideSolutionNode = FALSE
	EndGlobalSection
	GlobalSection(ExtensibilityGlobals) = postSolution
		SolutionGuid = {158EBAD4-2C41-46F2-AC34-0F981CD5139E}
	EndGlobalSection
EndGlobal
